
Microsoft Visual Studio Solution File, Format Version 12.00
# Visual Studio Version 16
VisualStudioVersion = 16.0.33027.164
MinimumVisualStudioVersion = 10.0.40219.1
Project("{FAE04EC0-301F-11D3-BF4B-00C04F79EFBC}") = "InfSec_Lab", "InfSec_Lab\InfSec_Lab.csproj", "{C1A48E9F-8BD4-4869-9E0E-2EC99F2E36F6}"
EndProject
Global
	GlobalSection(SolutionConfigurationPlatforms) = preSolution
		Debug|Any CPU = Debug|Any CPU
		Release|Any CPU = Release|Any CPU
	EndGlobalSection
	GlobalSection(ProjectConfigurationPlatforms) = postSolution
		{C1A48E9F-8BD4-4869-9E0E-2EC99F2E36F6}.Debug|Any CPU.ActiveCfg = Debug|Any CPU
		{C1A48E9F-8BD4-4869-9E0E-2EC99F2E36F6}.Debug|Any CPU.Build.0 = Debug|Any CPU
		{C1A48E9F-8BD4-4869-9E0E-2EC99F2E36F6}.Release|Any CPU.ActiveCfg = Release|Any CPU
		{C1A48E9F-8BD4-4869-9E0E-2EC99F2E36F6}.Release|Any CPU.Build.0 = Release|Any CPU
	EndGlobalSection
	GlobalSection(SolutionProperties) = preSolution
		HideSolutionNode = FALSE
	EndGlobalSection
	GlobalSection(ExtensibilityGlobals) = postSolution
		SolutionGuid = {90C62867-ED43-48FE-89A8-734744F95151}
	EndGlobalSection
EndGlobal
